{
  "nodes": {
    "better-swallow": {
      "inputs": {
        "flake-utils": "flake-utils",
        "nixpkgs": "nixpkgs"
      },
      "locked": {
        "lastModified": 1766408807,
        "narHash": "sha256-iowos1QckBccDY4N1X0t5LmCHC32nD19pgHqIF2mJL8=",
        "owner": "afishhh",
        "repo": "better-swallow",
        "rev": "91019bcacc6d3d5edbd760c0d6db39677df6b956",
        "type": "github"
      },
      "original": {
        "owner": "afishhh",
        "repo": "better-swallow",
        "type": "github"
      }
    },
    "disko": {
      "inputs": {
        "nixpkgs": [
          "nixpkgs"
        ]
      },
      "locked": {
        "lastModified": 1776613567,
        "narHash": "sha256-gC9Cp5ibBmGD5awCA9z7xy6MW6iJufhazTYJOiGlCUI=",
        "owner": "nix-community",
        "repo": "disko",
        "rev": "32f4236bfc141ae930b5ba2fb604f561fed5219d",
        "type": "github"
      },
      "original": {
        "owner": "nix-community",
        "repo": "disko",
        "type": "github"
      }
    },
    "dmenu": {
      "flake": false,
      "locked": {
        "lastModified": 1770501330,
        "narHash": "sha256-T3f4scDolWrhuvFF2oZUFnJXdV/y+Je1GWT9PDtmgxg=",
        "owner": "Luvrok",
        "repo": "dmenu",
        "rev": "aed91a390f65ddf0e836afe445e86f05cfe205fc",
        "type": "github"
      },
      "original": {
        "owner": "Luvrok",
        "repo": "dmenu",
        "type": "github"
      }
    },
    "dwm": {
      "flake": false,
      "locked": {
        "lastModified": 1776637357,
        "narHash": "sha256-RcNYZ7/UBf4kl29LEGgIzZS4fBCt0tzCTCbUM0vjSi0=",
        "owner": "Luvrok",
        "repo": "dwm",
        "rev": "8246d7ef91c582ffbd1f3bf8cec37984b615e5d7",
        "type": "github"
      },
      "original": {
        "owner": "Luvrok",
        "repo": "dwm",
        "type": "github"
      }
    },
    "dwmblocks": {
      "flake": false,
      "locked": {
        "lastModified": 1775223792,
        "narHash": "sha256-6jiAG3YvouZIEXtT7/zm+DuEd/UCkp4v1cknqGciQxU=",
        "owner": "Luvrok",
        "repo": "dwmblocks-async",
        "rev": "fa447e60ca257c983336830b324e38c0dce83e88",
        "type": "github"
      },
      "original": {
        "owner": "Luvrok",
        "repo": "dwmblocks-async",
        "type": "github"
      }
    },
    "firefox-addons": {
      "inputs": {
        "nixpkgs": [
          "textfoxy",
          "nixpkgs"
        ]
      },
      "locked": {
        "dir": "pkgs/firefox-addons",
        "lastModified": 1754512310,
        "narHash": "sha256-gXE5lTYMOhpDJo+siLXW/3BzySPmLMD12GVB1QFVbyw=",
        "owner": "rycee",
        "repo": "nur-expressions",
        "rev": "2008f9aa7a5ccde48bfc1de5a919be5898da09c2",
        "type": "gitlab"
      },
      "original": {
        "dir": "pkgs/firefox-addons",
        "owner": "rycee",
        "repo": "nur-expressions",
        "type": "gitlab"
      }
    },
    "flake-utils": {
      "locked": {
        "lastModified": 1676283394,
        "narHash": "sha256-XX2f9c3iySLCw54rJ/CZs+ZK6IQy7GXNY4nSOyu2QG4=",
        "owner": "numtide",
        "repo": "flake-utils",
        "rev": "3db36a8b464d0c4532ba1c7dda728f4576d6d073",
        "type": "github"
      },
      "original": {
        "owner": "numtide",
        "repo": "flake-utils",
        "type": "github"
      }
    },
    "flake-utils_2": {
      "inputs": {
        "systems": "systems"
      },
      "locked": {
        "lastModified": 1731533236,
        "narHash": "sha256-l0KFg5HjrsfsO/JpG+r7fRrqm12kzFHyUHqHCVpMMbI=",
        "owner": "numtide",
        "repo": "flake-utils",
        "rev": "11707dc2f618dd54ca8739b309ec4fc024de578b",
        "type": "github"
      },
      "original": {
        "owner": "numtide",
        "repo": "flake-utils",
        "type": "github"
      }
    },
    "home-manager": {
      "inputs": {
        "nixpkgs": [
          "nixpkgs"
        ]
      },
      "locked": {
        "lastModified": 1776562531,
        "narHash": "sha256-Lh5Ns9DI67E+lSMOCGK0S+mFPy0mz0yOGiJTUXiR9JI=",
        "owner": "nix-community",
        "repo": "home-manager",
        "rev": "5b56ad02dc643808b8af6d5f3ff179e2ce9593f4",
        "type": "github"
      },
      "original": {
        "owner": "nix-community",
        "repo": "home-manager",
        "type": "github"
      }
    },
    "nixpkgs": {
      "locked": {
        "lastModified": 1695145219,
        "narHash": "sha256-Eoe9IHbvmo5wEDeJXKFOpKUwxYJIOxKUesounVccNYk=",
        "path": "/nix/store/cz973qsjldbw4x7fx0rwcvhr9k645vz2-source",
        "rev": "5ba549eafcf3e33405e5f66decd1a72356632b96",
        "type": "path"
      },
      "original": {
        "owner": "NixOS",
        "ref": "nixpkgs-unstable",
        "repo": "nixpkgs",
        "type": "github"
      }
    },
    "nixpkgs-pinned": {
      "locked": {
        "lastModified": 1776434932,
        "narHash": "sha256-gyqXNMgk3sh+ogY5svd2eNLJ6oEwzbAeaoBrrxD0lKk=",
        "owner": "NixOS",
        "repo": "nixpkgs",
        "rev": "c7f47036d3df2add644c46d712d14262b7d86c0c",
        "type": "github"
      },
      "original": {
        "owner": "NixOS",
        "ref": "nixos-25.11",
        "repo": "nixpkgs",
        "type": "github"
      }
    },
    "nixpkgs_2": {
      "locked": {
        "lastModified": 1776169885,
        "narHash": "sha256-l/iNYDZ4bGOAFQY2q8y5OAfBBtrDAaPuRQqWaFHVRXM=",
        "owner": "nixos",
        "repo": "nixpkgs",
        "rev": "4bd9165a9165d7b5e33ae57f3eecbcb28fb231c9",
        "type": "github"
      },
      "original": {
        "owner": "nixos",
        "ref": "nixos-unstable",
        "repo": "nixpkgs",
        "type": "github"
      }
    },
    "nixpkgs_3": {
      "locked": {
        "lastModified": 1728492678,
        "narHash": "sha256-9UTxR8eukdg+XZeHgxW5hQA9fIKHsKCdOIUycTryeVw=",
        "owner": "nixos",
        "repo": "nixpkgs",
        "rev": "5633bcff0c6162b9e4b5f1264264611e950c8ec7",
        "type": "github"
      },
      "original": {
        "owner": "nixos",
        "ref": "nixos-unstable",
        "repo": "nixpkgs",
        "type": "github"
      }
    },
    "nixpkgs_4": {
      "locked": {
        "lastModified": 1776169885,
        "narHash": "sha256-l/iNYDZ4bGOAFQY2q8y5OAfBBtrDAaPuRQqWaFHVRXM=",
        "owner": "NixOS",
        "repo": "nixpkgs",
        "rev": "4bd9165a9165d7b5e33ae57f3eecbcb28fb231c9",
        "type": "github"
      },
      "original": {
        "owner": "NixOS",
        "ref": "nixos-unstable",
        "repo": "nixpkgs",
        "type": "github"
      }
    },
    "root": {
      "inputs": {
        "better-swallow": "better-swallow",
        "disko": "disko",
        "dmenu": "dmenu",
        "dwm": "dwm",
        "dwmblocks": "dwmblocks",
        "home-manager": "home-manager",
        "nixpkgs": "nixpkgs_2",
        "nixpkgs-pinned": "nixpkgs-pinned",
        "st": "st",
        "textfoxy": "textfoxy",
        "zapret-discord-youtube": "zapret-discord-youtube"
      }
    },
    "st": {
      "flake": false,
      "locked": {
        "lastModified": 1774370787,
        "narHash": "sha256-5OW7ZvhnzPi1K9V5gFj+DuNLtc1UWXNIcP9RkYOky+s=",
        "owner": "Luvrok",
        "repo": "st",
        "rev": "603ea1e5cd5d12393d38fb43a7d5296351ed40c4",
        "type": "github"
      },
      "original": {
        "owner": "Luvrok",
        "repo": "st",
        "type": "github"
      }
    },
    "systems": {
      "locked": {
        "lastModified": 1681028828,
        "narHash": "sha256-Vy1rq5AaRuLzOxct8nz4T6wlgyUR7zLU309k9mBC768=",
        "owner": "nix-systems",
        "repo": "default",
        "rev": "da67096a3b9bf56a91d16901293e51ba5b49a27e",
        "type": "github"
      },
      "original": {
        "owner": "nix-systems",
        "repo": "default",
        "type": "github"
      }
    },
    "textfoxy": {
      "inputs": {
        "firefox-addons": "firefox-addons",
        "nixpkgs": "nixpkgs_3"
      },
      "locked": {
        "lastModified": 1775669311,
        "narHash": "sha256-StwMf/Tpw9+n002az9sq0lxQ5sFZzW/kCqbJx43RCJw=",
        "owner": "Luvrok",
        "repo": "textfoxy",
        "rev": "83c8ba60a3406e3f928bdfe600811b28c9d9f21f",
        "type": "github"
      },
      "original": {
        "owner": "Luvrok",
        "repo": "textfoxy",
        "type": "github"
      }
    },
    "zapret-discord-youtube": {
      "inputs": {
        "flake-utils": "flake-utils_2",
        "nixpkgs": "nixpkgs_4",
        "zapret-flowseal": "zapret-flowseal"
      },
      "locked": {
        "lastModified": 1776592553,
        "narHash": "sha256-dAvfN1G9RWDMivnmM+4Hd1Rf9zavVTFLmov9YzI9rVM=",
        "owner": "kartavkun",
        "repo": "zapret-discord-youtube",
        "rev": "324893736582643571e873b08bd1f42cb682a315",
        "type": "github"
      },
      "original": {
        "owner": "kartavkun",
        "repo": "zapret-discord-youtube",
        "type": "github"
      }
    },
    "zapret-flowseal": {
      "flake": false,
      "locked": {
        "lastModified": 1775228068,
        "narHash": "sha256-LAbCZRwoGxQcgO1nio33NlxBXIdsTQJxHQxu1RWctIA=",
        "owner": "Flowseal",
        "repo": "zapret-discord-youtube",
        "rev": "22a9ca3bc067441789c83bd80c00d38e54be51c4",
        "type": "github"
      },
      "original": {
        "owner": "Flowseal",
        "repo": "zapret-discord-youtube",
        "type": "github"
      }
    }
  },
  "root": "root",
  "version": 7
}
